// !$*UTF8*$!
{
	archiveVersion = 1;
	classes = {
	};
	objectVersion = 48;
	objects = {

/* Begin PBXBuildFile section */
		C8891D98CBB23823C15EC906 /* libPods-A.a in Frameworks */ = {isa = PBXBuildFile; fileRef = 4CCE231574EB4991B4BC23B7 /* libPods-A.a */; };
		E74A16061F1DEC3500ECD70C /* AppDelegate.m in Sources */ = {isa = PBXBuildFile; fileRef = E74A16051F1DEC3500ECD70C /* AppDelegate.m */; };
		E74A16091F1DEC3500ECD70C /* ViewController.m in Sources */ = {isa = PBXBuildFile; fileRef = E74A16081F1DEC3500ECD70C /* ViewController.m */; };
		E74A160C1F1DEC3500ECD70C /* Main.storyboard in Resources */ = {isa = PBXBuildFile; fileRef = E74A160A1F1DEC3500ECD70C /* Main.storyboard */; };
		E74A160E1F1DEC3500ECD70C /* Assets.xcassets in Resources */ = {isa = PBXBuildFile; fileRef = E74A160D1F1DEC3500ECD70C /* Assets.xcassets */; };
		E74A16111F1DEC3500ECD70C /* LaunchScreen.storyboard in Resources */ = {isa = PBXBuildFile; fileRef = E74A160F1F1DEC3500ECD70C /* LaunchScreen.storyboard */; };
		E74A16141F1DEC3500ECD70C /* main.m in Sources */ = {isa = PBXBuildFile; fileRef = E74A16131F1DEC3500ECD70C /* main.m */; };
		E74A161E1F1DEC3500ECD70C /* AUITests.m in Sources */ = {isa = PBXBuildFile; fileRef = E74A161D1F1DEC3500ECD70C /* AUITests.m */; };
		E74A16621F1DF38900ECD70C /* Target_A.m in Sources */ = {isa = PBXBuildFile; fileRef = E74A16611F1DF38900ECD70C /* Target_A.m */; };
		E74A16671F1DF50100ECD70C /* AViewController.m in Sources */ = {isa = PBXBuildFile; fileRef = E74A16661F1DF42200ECD70C /* AViewController.m */; };
/* End PBXBuildFile section */

/* Begin PBXContainerItemProxy section */
		E74A161A1F1DEC3500ECD70C /* PBXContainerItemProxy */ = {
			isa = PBXContainerItemProxy;
			containerPortal = E74A15F91F1DEC3400ECD70C /* Project object */;
			proxyType = 1;
			remoteGlobalIDString = E74A16001F1DEC3400ECD70C;
			remoteInfo = A;
		};
/* End PBXContainerItemProxy section */

/* Begin PBXFileReference section */
		4CCE231574EB4991B4BC23B7 /* libPods-A.a */ = {isa = PBXFileReference; explicitFileType = archive.ar; includeInIndex = 0; path = "libPods-A.a"; sourceTree = BUILT_PRODUCTS_DIR; };
		B0E52E734637563894459148 /* Pods-A.debug.xcconfig */ = {isa = PBXFileReference; includeInIndex = 1; lastKnownFileType = text.xcconfig; name = "Pods-A.debug.xcconfig"; path = "Pods/Target Support Files/Pods-A/Pods-A.debug.xcconfig"; sourceTree = "<group>"; };
		E03C0547239E5342887C7FBD /* Pods-A.release.xcconfig */ = {isa = PBXFileReference; includeInIndex = 1; lastKnownFileType = text.xcconfig; name = "Pods-A.release.xcconfig"; path = "Pods/Target Support Files/Pods-A/Pods-A.release.xcconfig"; sourceTree = "<group>"; };
		E74A16011F1DEC3400ECD70C /* A.app */ = {isa = PBXFileReference; explicitFileType = wrapper.application; includeInIndex = 0; path = A.app; sourceTree = BUILT_PRODUCTS_DIR; };
		E74A16041F1DEC3500ECD70C /* AppDelegate.h */ = {isa = PBXFileReference; lastKnownFileType = sourcecode.c.h; path = AppDelegate.h; sourceTree = "<group>"; };
		E74A16051F1DEC3500ECD70C /* AppDelegate.m */ = {isa = PBXFileReference; lastKnownFileType = sourcecode.c.objc; path = AppDelegate.m; sourceTree = "<group>"; };
		E74A16071F1DEC3500ECD70C /* ViewController.h */ = {isa = PBXFileReference; lastKnownFileType = sourcecode.c.h; path = ViewController.h; sourceTree = "<group>"; };
		E74A16081F1DEC3500ECD70C /* ViewController.m */ = {isa = PBXFileReference; lastKnownFileType = sourcecode.c.objc; path = ViewController.m; sourceTree = "<group>"; };
		E74A160B1F1DEC3500ECD70C /* Base */ = {isa = PBXFileReference; lastKnownFileType = file.storyboard; name = Base; path = Base.lproj/Main.storyboard; sourceTree = "<group>"; };
		E74A160D1F1DEC3500ECD70C /* Assets.xcassets */ = {isa = PBXFileReference; lastKnownFileType = folder.assetcatalog; path = Assets.xcassets; sourceTree = "<group>"; };
		E74A16101F1DEC3500ECD70C /* Base */ = {isa = PBXFileReference; lastKnownFileType = file.storyboard; name = Base; path = Base.lproj/LaunchScreen.storyboard; sourceTree = "<group>"; };
		E74A16121F1DEC3500ECD70C /* Info.plist */ = {isa = PBXFileReference; lastKnownFileType = text.plist.xml; path = Info.plist; sourceTree = "<group>"; };
		E74A16131F1DEC3500ECD70C /* main.m */ = {isa = PBXFileReference; lastKnownFileType = sourcecode.c.objc; path = main.m; sourceTree = "<group>"; };
		E74A16191F1DEC3500ECD70C /* AUITests.xctest */ = {isa = PBXFileReference; explicitFileType = wrapper.cfbundle; includeInIndex = 0; path = AUITests.xctest; sourceTree = BUILT_PRODUCTS_DIR; };
		E74A161D1F1DEC3500ECD70C /* AUITests.m */ = {isa = PBXFileReference; lastKnownFileType = sourcecode.c.objc; path = AUITests.m; sourceTree = "<group>"; };
		E74A161F1F1DEC3500ECD70C /* Info.plist */ = {isa = PBXFileReference; lastKnownFileType = text.plist.xml; path = Info.plist; sourceTree = "<group>"; };
		E74A16601F1DF38900ECD70C /* Target_A.h */ = {isa = PBXFileReference; lastKnownFileType = sourcecode.c.h; path = Target_A.h; sourceTree = "<group>"; };
		E74A16611F1DF38900ECD70C /* Target_A.m */ = {isa = PBXFileReference; lastKnownFileType = sourcecode.c.objc; path = Target_A.m; sourceTree = "<group>"; };
		E74A16651F1DF42200ECD70C /* AViewController.h */ = {isa = PBXFileReference; lastKnownFileType = sourcecode.c.h; path = AViewController.h; sourceTree = "<group>"; };
		E74A16661F1DF42200ECD70C /* AViewController.m */ = {isa = PBXFileReference; lastKnownFileType = sourcecode.c.objc; path = AViewController.m; sourceTree = "<group>"; };
/* End PBXFileReference section */

/* Begin PBXFrameworksBuildPhase section */
		E74A15FE1F1DEC3400ECD70C /* Frameworks */ = {
			isa = PBXFrameworksBuildPhase;
			buildActionMask = 2147483647;
			files = (
				C8891D98CBB23823C15EC906 /* libPods-A.a in Frameworks */,
			);
			runOnlyForDeploymentPostprocessing = 0;
		};
		E74A16161F1DEC3500ECD70C /* Frameworks */ = {
			isa = PBXFrameworksBuildPhase;
			buildActionMask = 2147483647;
			files = (
			);
			runOnlyForDeploymentPostprocessing = 0;
		};
/* End PBXFrameworksBuildPhase section */

/* Begin PBXGroup section */
		3B96FAE28F08866B446E989C /* Frameworks */ = {
			isa = PBXGroup;
			children = (
				4CCE231574EB4991B4BC23B7 /* libPods-A.a */,
			);
			name = Frameworks;
			sourceTree = "<group>";
		};
		E38B9B6850AB21EE9892D085 /* Pods */ = {
			isa = PBXGroup;
			children = (
				B0E52E734637563894459148 /* Pods-A.debug.xcconfig */,
				E03C0547239E5342887C7FBD /* Pods-A.release.xcconfig */,
			);
			name = Pods;
			sourceTree = "<group>";
		};
		E74A15F81F1DEC3400ECD70C = {
			isa = PBXGroup;
			children = (
				E74A16031F1DEC3400ECD70C /* A */,
				E74A161C1F1DEC3500ECD70C /* AUITests */,
				E74A16021F1DEC3400ECD70C /* Products */,
				E38B9B6850AB21EE9892D085 /* Pods */,
				3B96FAE28F08866B446E989C /* Frameworks */,
			);
			sourceTree = "<group>";
		};
		E74A16021F1DEC3400ECD70C /* Products */ = {
			isa = PBXGroup;
			children = (
				E74A16011F1DEC3400ECD70C /* A.app */,
				E74A16191F1DEC3500ECD70C /* AUITests.xctest */,
			);
			name = Products;
			sourceTree = "<group>";
		};
		E74A16031F1DEC3400ECD70C /* A */ = {
			isa = PBXGroup;
			children = (
				E74A16641F1DF42200ECD70C /* A */,
				E74A165F1F1DF36100ECD70C /* Targets */,
				E74A16041F1DEC3500ECD70C /* AppDelegate.h */,
				E74A16051F1DEC3500ECD70C /* AppDelegate.m */,
				E74A16071F1DEC3500ECD70C /* ViewController.h */,
				E74A16081F1DEC3500ECD70C /* ViewController.m */,
				E74A160A1F1DEC3500ECD70C /* Main.storyboard */,
				E74A160D1F1DEC3500ECD70C /* Assets.xcassets */,
				E74A160F1F1DEC3500ECD70C /* LaunchScreen.storyboard */,
				E74A16121F1DEC3500ECD70C /* Info.plist */,
				E74A16131F1DEC3500ECD70C /* main.m */,
			);
			path = A;
			sourceTree = "<group>";
		};
		E74A161C1F1DEC3500ECD70C /* AUITests */ = {
			isa = PBXGroup;
			children = (
				E74A161D1F1DEC3500ECD70C /* AUITests.m */,
				E74A161F1F1DEC3500ECD70C /* Info.plist */,
			);
			path = AUITests;
			sourceTree = "<group>";
		};
		E74A165F1F1DF36100ECD70C /* Targets */ = {
			isa = PBXGroup;
			children = (
				E74A16601F1DF38900ECD70C /* Target_A.h */,
				E74A16611F1DF38900ECD70C /* Target_A.m */,
			);
			path = Targets;
			sourceTree = "<group>";
		};
		E74A16641F1DF42200ECD70C /* A */ = {
			isa = PBXGroup;
			children = (
				E74A16651F1DF42200ECD70C /* AViewController.h */,
				E74A16661F1DF42200ECD70C /* AViewController.m */,
			);
			path = A;
			sourceTree = "<group>";
		};
/* End PBXGroup section */

/* Begin PBXNativeTarget section */
		E74A16001F1DEC3400ECD70C /* A */ = {
			isa = PBXNativeTarget;
			buildConfigurationList = E74A16221F1DEC3500ECD70C /* Build configuration list for PBXNativeTarget "A" */;
			buildPhases = (
				0A9CF2BD6FF784E594B57D1F /* [CP] Check Pods Manifest.lock */,
				E74A15FD1F1DEC3400ECD70C /* Sources */,
				E74A15FE1F1DEC3400ECD70C /* Frameworks */,
				E74A15FF1F1DEC3400ECD70C /* Resources */,
				52DB59098E59D286DABD8021 /* [CP] Embed Pods Frameworks */,
				95EF4D6E678602CCA1757D7F /* [CP] Copy Pods Resources */,
			);
			buildRules = (
			);
			dependencies = (
			);
			name = A;
			productName = A;
			productReference = E74A16011F1DEC3400ECD70C /* A.app */;
			productType = "com.apple.product-type.application";
		};
		E74A16181F1DEC3500ECD70C /* AUITests */ = {
			isa = PBXNativeTarget;
			buildConfigurationList = E74A16251F1DEC3500ECD70C /* Build configuration list for PBXNativeTarget "AUITests" */;
			buildPhases = (
				E74A16151F1DEC3500ECD70C /* Sources */,
				E74A16161F1DEC3500ECD70C /* Frameworks */,
				E74A16171F1DEC3500ECD70C /* Resources */,
			);
			buildRules = (
			);
			dependencies = (
				E74A161B1F1DEC3500ECD70C /* PBXTargetDependency */,
			);
			name = AUITests;
			productName = AUITests;
			productReference = E74A16191F1DEC3500ECD70C /* AUITests.xctest */;
			productType = "com.apple.product-type.bundle.ui-testing";
		};
/* End PBXNativeTarget section */

/* Begin PBXProject section */
		E74A15F91F1DEC3400ECD70C /* Project object */ = {
			isa = PBXProject;
			attributes = {
				LastUpgradeCheck = 0900;
				ORGANIZATIONNAME = "贺杰";
				TargetAttributes = {
					E74A16001F1DEC3400ECD70C = {
						CreatedOnToolsVersion = 9.0;
					};
					E74A16181F1DEC3500ECD70C = {
						CreatedOnToolsVersion = 9.0;
						TestTargetID = E74A16001F1DEC3400ECD70C;
					};
				};
			};
			buildConfigurationList = E74A15FC1F1DEC3400ECD70C /* Build configuration list for PBXProject "A" */;
			compatibilityVersion = "Xcode 8.0";
			developmentRegion = en;
			hasScannedForEncodings = 0;
			knownRegions = (
				en,
				Base,
			);
			mainGroup = E74A15F81F1DEC3400ECD70C;
			productRefGroup = E74A16021F1DEC3400ECD70C /* Products */;
			projectDirPath = "";
			projectRoot = "";
			targets = (
				E74A16001F1DEC3400ECD70C /* A */,
				E74A16181F1DEC3500ECD70C /* AUITests */,
			);
		};
/* End PBXProject section */

/* Begin PBXResourcesBuildPhase section */
		E74A15FF1F1DEC3400ECD70C /* Resources */ = {
			isa = PBXResourcesBuildPhase;
			buildActionMask = 2147483647;
			files = (
				E74A16111F1DEC3500ECD70C /* LaunchScreen.storyboard in Resources */,
				E74A160E1F1DEC3500ECD70C /* Assets.xcassets in Resources */,
				E74A160C1F1DEC3500ECD70C /* Main.storyboard in Resources */,
			);
			runOnlyForDeploymentPostprocessing = 0;
		};
		E74A16171F1DEC3500ECD70C /* Resources */ = {
			isa = PBXResourcesBuildPhase;
			buildActionMask = 2147483647;
			files = (
			);
			runOnlyForDeploymentPostprocessing = 0;
		};
/* End PBXResourcesBuildPhase section */

/* Begin PBXShellScriptBuildPhase section */
		0A9CF2BD6FF784E594B57D1F /* [CP] Check Pods Manifest.lock */ = {
			isa = PBXShellScriptBuildPhase;
			buildActionMask = 2147483647;
			files = (
			);
			inputPaths = (
			);
			name = "[CP] Check Pods Manifest.lock";
			outputPaths = (
			);
			runOnlyForDeploymentPostprocessing = 0;
			shellPath = /bin/sh;
			shellScript = "diff \"${PODS_PODFILE_DIR_PATH}/Podfile.lock\" \"${PODS_ROOT}/Manifest.lock\" > /dev/null\nif [ $? != 0 ] ; then\n    # print error to STDERR\n    echo \"error: The sandbox is not in sync with the Podfile.lock. Run 'pod install' or update your CocoaPods installation.\" >&2\n    exit 1\nfi\n";
			showEnvVarsInLog = 0;
		};
		52DB59098E59D286DABD8021 /* [CP] Embed Pods Frameworks */ = {
			isa = PBXShellScriptBuildPhase;
			buildActionMask = 2147483647;
			files = (
			);
			inputPaths = (
			);
			name = "[CP] Embed Pods Frameworks";
			outputPaths = (
			);
			runOnlyForDeploymentPostprocessing = 0;
			shellPath = /bin/sh;
			shellScript = "\"${SRCROOT}/Pods/Target Support Files/Pods-A/Pods-A-frameworks.sh\"\n";
			showEnvVarsInLog = 0;
		};
		95EF4D6E678602CCA1757D7F /* [CP] Copy Pods Resources */ = {
			isa = PBXShellScriptBuildPhase;
			buildActionMask = 2147483647;
			files = (
			);
			inputPaths = (
			);
			name = "[CP] Copy Pods Resources";
			outputPaths = (
			);
			runOnlyForDeploymentPostprocessing = 0;
			shellPath = /bin/sh;
			shellScript = "\"${SRCROOT}/Pods/Target Support Files/Pods-A/Pods-A-resources.sh\"\n";
			showEnvVarsInLog = 0;
		};
/* End PBXShellScriptBuildPhase section */

/* Begin PBXSourcesBuildPhase section */
		E74A15FD1F1DEC3400ECD70C /* Sources */ = {
			isa = PBXSourcesBuildPhase;
			buildActionMask = 2147483647;
			files = (
				E74A16621F1DF38900ECD70C /* Target_A.m in Sources */,
				E74A16671F1DF50100ECD70C /* AViewController.m in Sources */,
				E74A16091F1DEC3500ECD70C /* ViewController.m in Sources */,
				E74A16141F1DEC3500ECD70C /* main.m in Sources */,
				E74A16061F1DEC3500ECD70C /* AppDelegate.m in Sources */,
			);
			runOnlyForDeploymentPostprocessing = 0;
		};
		E74A16151F1DEC3500ECD70C /* Sources */ = {
			isa = PBXSourcesBuildPhase;
			buildActionMask = 2147483647;
			files = (
				E74A161E1F1DEC3500ECD70C /* AUITests.m in Sources */,
			);
			runOnlyForDeploymentPostprocessing = 0;
		};
/* End PBXSourcesBuildPhase section */

/* Begin PBXTargetDependency section */
		E74A161B1F1DEC3500ECD70C /* PBXTargetDependency */ = {
			isa = PBXTargetDependency;
			target = E74A16001F1DEC3400ECD70C /* A */;
			targetProxy = E74A161A1F1DEC3500ECD70C /* PBXContainerItemProxy */;
		};
/* End PBXTargetDependency section */

/* Begin PBXVariantGroup section */
		E74A160A1F1DEC3500ECD70C /* Main.storyboard */ = {
			isa = PBXVariantGroup;
			children = (
				E74A160B1F1DEC3500ECD70C /* Base */,
			);
			name = Main.storyboard;
			sourceTree = "<group>";
		};
		E74A160F1F1DEC3500ECD70C /* LaunchScreen.storyboard */ = {
			isa = PBXVariantGroup;
			children = (
				E74A16101F1DEC3500ECD70C /* Base */,
			);
			name = LaunchScreen.storyboard;
			sourceTree = "<group>";
		};
/* End PBXVariantGroup section */

/* Begin XCBuildConfiguration section */
		E74A16201F1DEC3500ECD70C /* Debug */ = {
			isa = XCBuildConfiguration;
			buildSettings = {
				ALWAYS_SEARCH_USER_PATHS = NO;
				CLANG_ANALYZER_NONNULL = YES;
				CLANG_ANALYZER_NUMBER_OBJECT_CONVERSION = YES_AGGRESSIVE;
				CLANG_CXX_LANGUAGE_STANDARD = "gnu++14";
				CLANG_CXX_LIBRARY = "libc++";
				CLANG_ENABLE_MODULES = YES;
				CLANG_ENABLE_OBJC_ARC = YES;
				CLANG_WARN_BLOCK_CAPTURE_AUTORELEASING = YES;
				CLANG_WARN_BOOL_CONVERSION = YES;
				CLANG_WARN_COMMA = YES;
				CLANG_WARN_CONSTANT_CONVERSION = YES;
				CLANG_WARN_DIRECT_OBJC_ISA_USAGE = YES_ERROR;
				CLANG_WARN_DOCUMENTATION_COMMENTS = YES;
				CLANG_WARN_EMPTY_BODY = YES;
				CLANG_WARN_ENUM_CONVERSION = YES;
				CLANG_WARN_INFINITE_RECURSION = YES;
				CLANG_WARN_INT_CONVERSION = YES;
				CLANG_WARN_NON_LITERAL_NULL_CONVERSION = YES;
				CLANG_WARN_OBJC_LITERAL_CONVERSION = YES;
				CLANG_WARN_OBJC_ROOT_CLASS = YES_ERROR;
				CLANG_WARN_RANGE_LOOP_ANALYSIS = YES;
				CLANG_WARN_STRICT_PROTOTYPES = YES;
				CLANG_WARN_SUSPICIOUS_MOVE = YES;
				CLANG_WARN_UNGUARDED_AVAILABILITY = YES_AGGRESSIVE;
				CLANG_WARN_UNREACHABLE_CODE = YES;
				CLANG_WARN__DUPLICATE_METHOD_MATCH = YES;
				CODE_SIGN_IDENTITY = "iPhone Developer";
				COPY_PHASE_STRIP = NO;
				DEBUG_INFORMATION_FORMAT = dwarf;
				ENABLE_STRICT_OBJC_MSGSEND = YES;
				ENABLE_TESTABILITY = YES;
				GCC_C_LANGUAGE_STANDARD = gnu11;
				GCC_DYNAMIC_NO_PIC = NO;
				GCC_NO_COMMON_BLOCKS = YES;
				GCC_OPTIMIZATION_LEVEL = 0;
				GCC_PREPROCESSOR_DEFINITIONS = (
					"DEBUG=1",
					"$(inherited)",
				);
				GCC_WARN_64_TO_32_BIT_CONVERSION = YES;
				GCC_WARN_ABOUT_RETURN_TYPE = YES_ERROR;
				GCC_WARN_UNDECLARED_SELECTOR = YES;
				GCC_WARN_UNINITIALIZED_AUTOS = YES_AGGRESSIVE;
				GCC_WARN_UNUSED_FUNCTION = YES;
				GCC_WARN_UNUSED_VARIABLE = YES;
				IPHONEOS_DEPLOYMENT_TARGET = 11.0;
				MTL_ENABLE_DEBUG_INFO = YES;
				ONLY_ACTIVE_ARCH = YES;
				SDKROOT = iphoneos;
			};
			name = Debug;
		};
		E74A16211F1DEC3500ECD70C /* Release */ = {
			isa = XCBuildConfiguration;
			buildSettings = {
				ALWAYS_SEARCH_USER_PATHS = NO;
				CLANG_ANALYZER_NONNULL = YES;
				CLANG_ANALYZER_NUMBER_OBJECT_CONVERSION = YES_AGGRESSIVE;
				CLANG_CXX_LANGUAGE_STANDARD = "gnu++14";
				CLANG_CXX_LIBRARY = "libc++";
				CLANG_ENABLE_MODULES = YES;
				CLANG_ENABLE_OBJC_ARC = YES;
				CLANG_WARN_BLOCK_CAPTURE_AUTORELEASING = YES;
				CLANG_WARN_BOOL_CONVERSION = YES;
				CLANG_WARN_COMMA = YES;
				CLANG_WARN_CONSTANT_CONVERSION = YES;
				CLANG_WARN_DIRECT_OBJC_ISA_USAGE = YES_ERROR;
				CLANG_WARN_DOCUMENTATION_COMMENTS = YES;
				CLANG_WARN_EMPTY_BODY = YES;
				CLANG_WARN_ENUM_CONVERSION = YES;
				CLANG_WARN_INFINITE_RECURSION = YES;
				CLANG_WARN_INT_CONVERSION = YES;
				CLANG_WARN_NON_LITERAL_NULL_CONVERSION = YES;
				CLANG_WARN_OBJC_LITERAL_CONVERSION = YES;
				CLANG_WARN_OBJC_ROOT_CLASS = YES_ERROR;
				CLANG_WARN_RANGE_LOOP_ANALYSIS = YES;
				CLANG_WARN_STRICT_PROTOTYPES = YES;
				CLANG_WARN_SUSPICIOUS_MOVE = YES;
				CLANG_WARN_UNGUARDED_AVAILABILITY = YES_AGGRESSIVE;
				CLANG_WARN_UNREACHABLE_CODE = YES;
				CLANG_WARN__DUPLICATE_METHOD_MATCH = YES;
				CODE_SIGN_IDENTITY = "iPhone Developer";
				COPY_PHASE_STRIP = NO;
				DEBUG_INFORMATION_FORMAT = "dwarf-with-dsym";
				ENABLE_NS_ASSERTIONS = NO;
				ENABLE_STRICT_OBJC_MSGSEND = YES;
				GCC_C_LANGUAGE_STANDARD = gnu11;
				GCC_NO_COMMON_BLOCKS = YES;
				GCC_WARN_64_TO_32_BIT_CONVERSION = YES;
				GCC_WARN_ABOUT_RETURN_TYPE = YES_ERROR;
				GCC_WARN_UNDECLARED_SELECTOR = YES;
				GCC_WARN_UNINITIALIZED_AUTOS = YES_AGGRESSIVE;
				GCC_WARN_UNUSED_FUNCTION = YES;
				GCC_WARN_UNUSED_VARIABLE = YES;
				IPHONEOS_DEPLOYMENT_TARGET = 11.0;
				MTL_ENABLE_DEBUG_INFO = NO;
				SDKROOT = iphoneos;
				VALIDATE_PRODUCT = YES;
			};
			name = Release;
		};
		E74A16231F1DEC3500ECD70C /* Debug */ = {
			isa = XCBuildConfiguration;
			baseConfigurationReference = B0E52E734637563894459148 /* Pods-A.debug.xcconfig */;
			buildSettings = {
				ASSETCATALOG_COMPILER_APPICON_NAME = AppIcon;
				DEVELOPMENT_TEAM = 8MR6BM5VB4;
				INFOPLIST_FILE = A/Info.plist;
				LD_RUNPATH_SEARCH_PATHS = "$(inherited) @executable_path/Frameworks";
				PRODUCT_BUNDLE_IDENTIFIER = com.jacklove.A;
				PRODUCT_NAME = "$(TARGET_NAME)";
				TARGETED_DEVICE_FAMILY = "1,2";
			};
			name = Debug;
		};
		E74A16241F1DEC3500ECD70C /* Release */ = {
			isa = XCBuildConfiguration;
			baseConfigurationReference = E03C0547239E5342887C7FBD /* Pods-A.release.xcconfig */;
			buildSettings = {
				ASSETCATALOG_COMPILER_APPICON_NAME = AppIcon;
				DEVELOPMENT_TEAM = 8MR6BM5VB4;
				INFOPLIST_FILE = A/Info.plist;
				LD_RUNPATH_SEARCH_PATHS = "$(inherited) @executable_path/Frameworks";
				PRODUCT_BUNDLE_IDENTIFIER = com.jacklove.A;
				PRODUCT_NAME = "$(TARGET_NAME)";
				TARGETED_DEVICE_FAMILY = "1,2";
			};
			name = Release;
		};
		E74A16261F1DEC3500ECD70C /* Debug */ = {
			isa = XCBuildConfiguration;
			buildSettings = {
				DEVELOPMENT_TEAM = 8MR6BM5VB4;
				INFOPLIST_FILE = AUITests/Info.plist;
				LD_RUNPATH_SEARCH_PATHS = "$(inherited) @executable_path/Frameworks @loader_path/Frameworks";
				PRODUCT_BUNDLE_IDENTIFIER = com.jacklove.AUITests;
				PRODUCT_NAME = "$(TARGET_NAME)";
				TARGETED_DEVICE_FAMILY = "1,2";
				TEST_TARGET_NAME = A;
			};
			name = Debug;
		};
		E74A16271F1DEC3500ECD70C /* Release */ = {
			isa = XCBuildConfiguration;
			buildSettings = {
				DEVELOPMENT_TEAM = 8MR6BM5VB4;
				INFOPLIST_FILE = AUITests/Info.plist;
				LD_RUNPATH_SEARCH_PATHS = "$(inherited) @executable_path/Frameworks @loader_path/Frameworks";
				PRODUCT_BUNDLE_IDENTIFIER = com.jacklove.AUITests;
				PRODUCT_NAME = "$(TARGET_NAME)";
				TARGETED_DEVICE_FAMILY = "1,2";
				TEST_TARGET_NAME = A;
			};
			name = Release;
		};
/* End XCBuildConfiguration section */

/* Begin XCConfigurationList section */
		E74A15FC1F1DEC3400ECD70C /* Build configuration list for PBXProject "A" */ = {
			isa = XCConfigurationList;
			buildConfigurations = (
				E74A16201F1DEC3500ECD70C /* Debug */,
				E74A16211F1DEC3500ECD70C /* Release */,
			);
			defaultConfigurationIsVisible = 0;
			defaultConfigurationName = Release;
		};
		E74A16221F1DEC3500ECD70C /* Build configuration list for PBXNativeTarget "A" */ = {
			isa = XCConfigurationList;
			buildConfigurations = (
				E74A16231F1DEC3500ECD70C /* Debug */,
				E74A16241F1DEC3500ECD70C /* Release */,
			);
			defaultConfigurationIsVisible = 0;
			defaultConfigurationName = Release;
		};
		E74A16251F1DEC3500ECD70C /* Build configuration list for PBXNativeTarget "AUITests" */ = {
			isa = XCConfigurationList;
			buildConfigurations = (
				E74A16261F1DEC3500ECD70C /* Debug */,
				E74A16271F1DEC3500ECD70C /* Release */,
			);
			defaultConfigurationIsVisible = 0;
			defaultConfigurationName = Release;
		};
/* End XCConfigurationList section */
	};
	rootObject = E74A15F91F1DEC3400ECD70C /* Project object */;
}
